<?xml version="1.0" encoding="UTF-8"?>
<Scheme
   version = "1.3">
   <BuildAction>
      <BuildActionEntries>
         <BuildActionEntry
            buildForRunning = "YES">
            <BuildableReference
               BuildableIdentifier = "primary"
               BlueprintIdentifier = "E80B41E01AF5DE64D19EC3C8"
               BuildableName = "RandomSpotify.app"
               BlueprintName = "RandomSpotify"
               ReferencedContainer = "container:RandomSpotify.xcodeproj">
            </BuildableReference>
         </BuildActionEntry>
      </BuildActionEntries>
   </BuildAction>
   <LaunchAction
      useCustomWorkingDirectory = "NO"
      buildConfiguration = "Debug"
      allowLocationSimulation = "YES">
      <BuildableProductRunnable>
         <BuildableReference
            BuildableIdentifier = "primary"
            BlueprintIdentifier = "E80B41E01AF5DE64D19EC3C8"
            BuildableName = "RandomSpotify.app"
            BlueprintName = "RandomSpotify"
            ReferencedContainer = "container:RandomSpotify.xcodeproj">
         </BuildableReference>
      </BuildableProductRunnable>
   </LaunchAction>
</Scheme>
