// !$*UTF8*$!
{
	archiveVersion = 1;
	classes = {
	};
	objectVersion = 46;
	objects = {

/* Begin PBXBuildFile section */
		E80B417B1BCC3AD4AFDD2A6B /* ContentView.swift in Sources */ = {isa = PBXBuildFile; fileRef = E80B468AFAC504B226621ECF /* ContentView.swift */; };
		E80B434DD82744ED4B37403C /* Preview Assets.xcassets in Resources */ = {isa = PBXBuildFile; fileRef = E80B4E4270DAF0217E74C132 /* Preview Assets.xcassets */; };
		E80B476C0329DCB51A9D4773 /* RandomSpotify.xcdatamodeld in Sources */ = {isa = PBXBuildFile; fileRef = E80B4792248826FEC006D27B /* RandomSpotify.xcdatamodeld */; };
		E80B48FE611E4A798AC59CAC /* AppDelegate.swift in Sources */ = {isa = PBXBuildFile; fileRef = E80B4914B9D318FDC353541C /* AppDelegate.swift */; };
		E80B4CDB49DFF28261DA2A4E /* Assets.xcassets in Resources */ = {isa = PBXBuildFile; fileRef = E80B456151D1924B28948209 /* Assets.xcassets */; };
		E80B4CF547D7B0C8F2DD9CBD /* ios-sdk-1.2.2 in Resources */ = {isa = PBXBuildFile; fileRef = E80B421C12C78CA0361A2B1C /* ios-sdk-1.2.2 */; };
		E80B4ECFBA38E0A8FC8B6434 /* SceneDelegate.swift in Sources */ = {isa = PBXBuildFile; fileRef = E80B408E80BFBA8DA668D9D6 /* SceneDelegate.swift */; };
		E80B4FD2A527B4E0CED1EC1F /* LaunchScreen.storyboard in Resources */ = {isa = PBXBuildFile; fileRef = E80B48174AB6D2E3F8CAF14F /* LaunchScreen.storyboard */; };
/* End PBXBuildFile section */

/* Begin PBXFileReference section */
		E80B408E80BFBA8DA668D9D6 /* SceneDelegate.swift */ = {isa = PBXFileReference; lastKnownFileType = sourcecode.swift; path = SceneDelegate.swift; sourceTree = "<group>"; };
		E80B421C12C78CA0361A2B1C /* ios-sdk-1.2.2 */ = {isa = PBXFileReference; lastKnownFileType = folder; path = "ios-sdk-1.2.2"; sourceTree = "<group>"; };
		E80B456151D1924B28948209 /* Assets.xcassets */ = {isa = PBXFileReference; lastKnownFileType = folder.assetcatalog; path = Assets.xcassets; sourceTree = "<group>"; };
		E80B4638AB0F9D04DD7DFDC3 /* Info.plist */ = {isa = PBXFileReference; lastKnownFileType = text.plist.info; path = Info.plist; sourceTree = "<group>"; };
		E80B468AFAC504B226621ECF /* ContentView.swift */ = {isa = PBXFileReference; lastKnownFileType = sourcecode.swift; path = ContentView.swift; sourceTree = "<group>"; };
		E80B4914B9D318FDC353541C /* AppDelegate.swift */ = {isa = PBXFileReference; lastKnownFileType = sourcecode.swift; path = AppDelegate.swift; sourceTree = "<group>"; };
		E80B4AC587C5BA563827AE66 /* Base */ = {isa = PBXFileReference; lastKnownFileType = file.storyboard; name = Base; path = Base.lproj/LaunchScreen.storyboard; sourceTree = "<group>"; };
		E80B4C02C619537F256A3985 /* RandomSpotify.app */ = {isa = PBXFileReference; explicitFileType = wrapper.application; includeInIndex = 0; path = RandomSpotify.app; sourceTree = BUILT_PRODUCTS_DIR; };
		E80B4E4270DAF0217E74C132 /* Preview Assets.xcassets */ = {isa = PBXFileReference; lastKnownFileType = folder.assetcatalog; path = "Preview Assets.xcassets"; sourceTree = "<group>"; };
		E80B4F5CCEE7495A525322CD /* RandomSpotify.xcdatamodel */ = {isa = PBXFileReference; lastKnownFileType = wrapper.xcdatamodel; path = RandomSpotify.xcdatamodel; sourceTree = "<group>"; };
/* End PBXFileReference section */

/* Begin PBXFrameworksBuildPhase section */
		E80B4F3BE84E7F8E7840E6AA /* Frameworks */ = {
			isa = PBXFrameworksBuildPhase;
			buildActionMask = 2147483647;
			files = (
			);
			runOnlyForDeploymentPostprocessing = 0;
		};
/* End PBXFrameworksBuildPhase section */

/* Begin PBXGroup section */
		E80B4890BC71248DA02249CF = {
			isa = PBXGroup;
			children = (
				E80B4E9B75397B11E669F8A5 /* Products */,
				E80B4FA21BFDD68C166CA3F0 /* RandomSpotify */,
				E80B421C12C78CA0361A2B1C /* ios-sdk-1.2.2 */,
			);
			sourceTree = "<group>";
		};
		E80B4E9B75397B11E669F8A5 /* Products */ = {
			isa = PBXGroup;
			children = (
				E80B4C02C619537F256A3985 /* RandomSpotify.app */,
			);
			name = Products;
			sourceTree = "<group>";
		};
		E80B4FA21BFDD68C166CA3F0 /* RandomSpotify */ = {
			isa = PBXGroup;
			children = (
				E80B4638AB0F9D04DD7DFDC3 /* Info.plist */,
				E80B456151D1924B28948209 /* Assets.xcassets */,
				E80B48174AB6D2E3F8CAF14F /* LaunchScreen.storyboard */,
				E80B4914B9D318FDC353541C /* AppDelegate.swift */,
				E80B4792248826FEC006D27B /* RandomSpotify.xcdatamodeld */,
				E80B408E80BFBA8DA668D9D6 /* SceneDelegate.swift */,
				E80B468AFAC504B226621ECF /* ContentView.swift */,
				E80B4FF590C9FDFB793256E9 /* Preview Content */,
			);
			path = RandomSpotify;
			sourceTree = "<group>";
		};
		E80B4FF590C9FDFB793256E9 /* Preview Content */ = {
			isa = PBXGroup;
			children = (
				E80B4E4270DAF0217E74C132 /* Preview Assets.xcassets */,
			);
			path = "Preview Content";
			sourceTree = "<group>";
		};
/* End PBXGroup section */

/* Begin PBXNativeTarget section */
		E80B41E01AF5DE64D19EC3C8 /* RandomSpotify */ = {
			isa = PBXNativeTarget;
			buildConfigurationList = E80B4A283674D3D6CA2B4723 /* Build configuration list for PBXNativeTarget "RandomSpotify" */;
			buildPhases = (
				E80B4DB713F345600CE4CF9E /* Sources */,
				E80B4F3BE84E7F8E7840E6AA /* Frameworks */,
				E80B41187FB9BCFE4207A4DB /* Resources */,
			);
			buildRules = (
			);
			dependencies = (
			);
			name = RandomSpotify;
			productName = RandomSpotify;
			productReference = E80B4C02C619537F256A3985 /* RandomSpotify.app */;
			productType = "com.apple.product-type.application";
		};
/* End PBXNativeTarget section */

/* Begin PBXProject section */
		E80B4701B0A2748103273E5E /* Project object */ = {
			isa = PBXProject;
			attributes = {
				ORGANIZATIONNAME = "___FULLUSERNAME___";
			};
			buildConfigurationList = E80B41D55CA5F2F0353E20C2 /* Build configuration list for PBXProject "RandomSpotify" */;
			compatibilityVersion = "Xcode 3.2";
			developmentRegion = English;
			hasScannedForEncodings = 0;
			knownRegions = (
				en,
			);
			mainGroup = E80B4890BC71248DA02249CF;
			productRefGroup = E80B4E9B75397B11E669F8A5 /* Products */;
			projectDirPath = "";
			projectRoot = "";
			targets = (
				E80B41E01AF5DE64D19EC3C8 /* RandomSpotify */,
			);
		};
/* End PBXProject section */

/* Begin PBXResourcesBuildPhase section */
		E80B41187FB9BCFE4207A4DB /* Resources */ = {
			isa = PBXResourcesBuildPhase;
			buildActionMask = 2147483647;
			files = (
				E80B4CDB49DFF28261DA2A4E /* Assets.xcassets in Resources */,
				E80B4FD2A527B4E0CED1EC1F /* LaunchScreen.storyboard in Resources */,
				E80B434DD82744ED4B37403C /* Preview Assets.xcassets in Resources */,
				E80B4CF547D7B0C8F2DD9CBD /* ios-sdk-1.2.2 in Resources */,
			);
			runOnlyForDeploymentPostprocessing = 0;
		};
/* End PBXResourcesBuildPhase section */

/* Begin PBXSourcesBuildPhase section */
		E80B4DB713F345600CE4CF9E /* Sources */ = {
			isa = PBXSourcesBuildPhase;
			buildActionMask = 2147483647;
			files = (
				E80B48FE611E4A798AC59CAC /* AppDelegate.swift in Sources */,
				E80B476C0329DCB51A9D4773 /* RandomSpotify.xcdatamodeld in Sources */,
				E80B4ECFBA38E0A8FC8B6434 /* SceneDelegate.swift in Sources */,
				E80B417B1BCC3AD4AFDD2A6B /* ContentView.swift in Sources */,
			);
			runOnlyForDeploymentPostprocessing = 0;
		};
/* End PBXSourcesBuildPhase section */

/* Begin PBXVariantGroup section */
		E80B48174AB6D2E3F8CAF14F /* LaunchScreen.storyboard */ = {
			isa = PBXVariantGroup;
			children = (
				E80B4AC587C5BA563827AE66 /* Base */,
			);
			name = LaunchScreen.storyboard;
			sourceTree = "<group>";
		};
/* End PBXVariantGroup section */

/* Begin XCBuildConfiguration section */
		E80B40A1E57B04B1AD8A7845 /* Debug */ = {
			isa = XCBuildConfiguration;
			buildSettings = {
				ALWAYS_SEARCH_USER_PATHS = NO;
				CLANG_ANALYZER_NONNULL = YES;
				CLANG_ANALYZER_NUMBER_OBJECT_CONVERSION = YES_AGGRESSIVE;
				CLANG_CXX_LANGUAGE_STANDARD = "gnu++14";
				CLANG_CXX_LIBRARY = "libc++";
				CLANG_ENABLE_MODULES = YES;
				CLANG_ENABLE_OBJC_ARC = YES;
				CLANG_ENABLE_OBJC_WEAK = YES;
				CLANG_WARN_BLOCK_CAPTURE_AUTORELEASING = YES;
				CLANG_WARN_BOOL_CONVERSION = YES;
				CLANG_WARN_COMMA = YES;
				CLANG_WARN_CONSTANT_CONVERSION = YES;
				CLANG_WARN_DEPRECATED_OBJC_IMPLEMENTATIONS = YES;
				CLANG_WARN_DIRECT_OBJC_ISA_USAGE = YES_ERROR;
				CLANG_WARN_DOCUMENTATION_COMMENTS = YES;
				CLANG_WARN_EMPTY_BODY = YES;
				CLANG_WARN_ENUM_CONVERSION = YES;
				CLANG_WARN_INFINITE_RECURSION = YES;
				CLANG_WARN_INT_CONVERSION = YES;
				CLANG_WARN_NON_LITERAL_NULL_CONVERSION = YES;
				CLANG_WARN_OBJC_IMPLICIT_RETAIN_SELF = YES;
				CLANG_WARN_OBJC_LITERAL_CONVERSION = YES;
				CLANG_WARN_OBJC_ROOT_CLASS = YES_ERROR;
				CLANG_WARN_RANGE_LOOP_ANALYSIS = YES;
				CLANG_WARN_STRICT_PROTOTYPES = YES;
				CLANG_WARN_SUSPICIOUS_MOVE = YES;
				CLANG_WARN_UNGUARDED_AVAILABILITY = YES_AGGRESSIVE;
				CLANG_WARN_UNREACHABLE_CODE = YES;
				CLANG_WARN__DUPLICATE_METHOD_MATCH = YES;
				COPY_PHASE_STRIP = NO;
				DEBUG_INFORMATION_FORMAT = dwarf;
				ENABLE_STRICT_OBJC_MSGSEND = YES;
				ENABLE_TESTABILITY = YES;
				GCC_C_LANGUAGE_STANDARD = gnu11;
				GCC_DYNAMIC_NO_PIC = NO;
				GCC_NO_COMMON_BLOCKS = YES;
				GCC_OPTIMIZATION_LEVEL = 0;
				GCC_PREPROCESSOR_DEFINITIONS = (
					"DEBUG=1",
					"$(inherited)",
				);
				GCC_WARN_64_TO_32_BIT_CONVERSION = YES;
				GCC_WARN_ABOUT_RETURN_TYPE = YES_ERROR;
				GCC_WARN_UNDECLARED_SELECTOR = YES;
				GCC_WARN_UNINITIALIZED_AUTOS = YES_AGGRESSIVE;
				GCC_WARN_UNUSED_FUNCTION = YES;
				GCC_WARN_UNUSED_VARIABLE = YES;
				IPHONEOS_DEPLOYMENT_TARGET = 13.5;
				MTL_ENABLE_DEBUG_INFO = INCLUDE_SOURCE;
				MTL_FAST_MATH = YES;
				ONLY_ACTIVE_ARCH = YES;
				SDKROOT = iphoneos;
				SWIFT_ACTIVE_COMPILATION_CONDITIONS = DEBUG;
				SWIFT_OPTIMIZATION_LEVEL = "-Onone";
			};
			name = Debug;
		};
		E80B445D32B670A0245CB515 /* Debug */ = {
			isa = XCBuildConfiguration;
			buildSettings = {
				ASSETCATALOG_COMPILER_APPICON_NAME = AppIcon;
				DEVELOPMENT_ASSET_PATHS = "\"RandomSpotify/Preview Content\"";
				ENABLE_PREVIEWS = YES;
				INFOPLIST_FILE = RandomSpotify/Info.plist;
				LD_RUNPATH_SEARCH_PATHS = "$(inherited) @executable_path/Frameworks";
				PRODUCT_BUNDLE_IDENTIFIER = JobBros.RandomSpotify;
				PRODUCT_NAME = "$(TARGET_NAME)";
				SWIFT_VERSION = 5.0;
				TARGETED_DEVICE_FAMILY = "1,2";
			};
			name = Debug;
		};
		E80B45A80E0A9243AEC880EB /* Release */ = {
			isa = XCBuildConfiguration;
			buildSettings = {
				ASSETCATALOG_COMPILER_APPICON_NAME = AppIcon;
				DEVELOPMENT_ASSET_PATHS = "\"RandomSpotify/Preview Content\"";
				ENABLE_PREVIEWS = YES;
				INFOPLIST_FILE = RandomSpotify/Info.plist;
				LD_RUNPATH_SEARCH_PATHS = "$(inherited) @executable_path/Frameworks";
				PRODUCT_BUNDLE_IDENTIFIER = JobBros.RandomSpotify;
				PRODUCT_NAME = "$(TARGET_NAME)";
				SWIFT_VERSION = 5.0;
				TARGETED_DEVICE_FAMILY = "1,2";
			};
			name = Release;
		};
		E80B4FD3CF1AB1D0C9BE62FC /* Release */ = {
			isa = XCBuildConfiguration;
			buildSettings = {
				ALWAYS_SEARCH_USER_PATHS = NO;
				CLANG_ANALYZER_NONNULL = YES;
				CLANG_ANALYZER_NUMBER_OBJECT_CONVERSION = YES_AGGRESSIVE;
				CLANG_CXX_LANGUAGE_STANDARD = "gnu++14";
				CLANG_CXX_LIBRARY = "libc++";
				CLANG_ENABLE_MODULES = YES;
				CLANG_ENABLE_OBJC_ARC = YES;
				CLANG_ENABLE_OBJC_WEAK = YES;
				CLANG_WARN_BLOCK_CAPTURE_AUTORELEASING = YES;
				CLANG_WARN_BOOL_CONVERSION = YES;
				CLANG_WARN_COMMA = YES;
				CLANG_WARN_CONSTANT_CONVERSION = YES;
				CLANG_WARN_DEPRECATED_OBJC_IMPLEMENTATIONS = YES;
				CLANG_WARN_DIRECT_OBJC_ISA_USAGE = YES_ERROR;
				CLANG_WARN_DOCUMENTATION_COMMENTS = YES;
				CLANG_WARN_EMPTY_BODY = YES;
				CLANG_WARN_ENUM_CONVERSION = YES;
				CLANG_WARN_INFINITE_RECURSION = YES;
				CLANG_WARN_INT_CONVERSION = YES;
				CLANG_WARN_NON_LITERAL_NULL_CONVERSION = YES;
				CLANG_WARN_OBJC_IMPLICIT_RETAIN_SELF = YES;
				CLANG_WARN_OBJC_LITERAL_CONVERSION = YES;
				CLANG_WARN_OBJC_ROOT_CLASS = YES_ERROR;
				CLANG_WARN_RANGE_LOOP_ANALYSIS = YES;
				CLANG_WARN_STRICT_PROTOTYPES = YES;
				CLANG_WARN_SUSPICIOUS_MOVE = YES;
				CLANG_WARN_UNGUARDED_AVAILABILITY = YES_AGGRESSIVE;
				CLANG_WARN_UNREACHABLE_CODE = YES;
				CLANG_WARN__DUPLICATE_METHOD_MATCH = YES;
				COPY_PHASE_STRIP = NO;
				DEBUG_INFORMATION_FORMAT = "dwarf-with-dsym";
				ENABLE_NS_ASSERTIONS = NO;
				ENABLE_STRICT_OBJC_MSGSEND = YES;
				GCC_C_LANGUAGE_STANDARD = gnu11;
				GCC_NO_COMMON_BLOCKS = YES;
				GCC_WARN_64_TO_32_BIT_CONVERSION = YES;
				GCC_WARN_ABOUT_RETURN_TYPE = YES_ERROR;
				GCC_WARN_UNDECLARED_SELECTOR = YES;
				GCC_WARN_UNINITIALIZED_AUTOS = YES_AGGRESSIVE;
				GCC_WARN_UNUSED_FUNCTION = YES;
				GCC_WARN_UNUSED_VARIABLE = YES;
				IPHONEOS_DEPLOYMENT_TARGET = 13.5;
				MTL_ENABLE_DEBUG_INFO = NO;
				MTL_FAST_MATH = YES;
				SDKROOT = iphoneos;
				SWIFT_COMPILATION_MODE = wholemodule;
				SWIFT_OPTIMIZATION_LEVEL = "-O";
				VALIDATE_PRODUCT = YES;
			};
			name = Release;
		};
/* End XCBuildConfiguration section */

/* Begin XCConfigurationList section */
		E80B41D55CA5F2F0353E20C2 /* Build configuration list for PBXProject "RandomSpotify" */ = {
			isa = XCConfigurationList;
			buildConfigurations = (
				E80B40A1E57B04B1AD8A7845 /* Debug */,
				E80B4FD3CF1AB1D0C9BE62FC /* Release */,
			);
			defaultConfigurationIsVisible = 0;
			defaultConfigurationName = Release;
		};
		E80B4A283674D3D6CA2B4723 /* Build configuration list for PBXNativeTarget "RandomSpotify" */ = {
			isa = XCConfigurationList;
			buildConfigurations = (
				E80B445D32B670A0245CB515 /* Debug */,
				E80B45A80E0A9243AEC880EB /* Release */,
			);
			defaultConfigurationIsVisible = 0;
		};
/* End XCConfigurationList section */

/* Begin XCVersionGroup section */
		E80B4792248826FEC006D27B /* RandomSpotify.xcdatamodeld */ = {
			isa = XCVersionGroup;
			children = (
				E80B4F5CCEE7495A525322CD /* RandomSpotify.xcdatamodel */,
			);
			currentVersion = E80B4F5CCEE7495A525322CD /* RandomSpotify.xcdatamodel */;
			path = RandomSpotify.xcdatamodeld;
			sourceTree = "<group>";
			versionGroupType = wrapper.xcdatamodel;
		};
/* End XCVersionGroup section */
	};
	rootObject = E80B4701B0A2748103273E5E /* Project object */;
}
